
Microsoft Visual Studio Solution File, Format Version 12.00
# Visual Studio Version 17
VisualStudioVersion = 17.0.31903.59
MinimumVisualStudioVersion = 10.0.40219.1
Project("{FAE04EC0-301F-11D3-BF4B-00C04F79EFBC}") = "RightSize", "RightSize\RightSize.csproj", "{B452D3CF-77E4-4022-806A-4EDA3DDE49CD}"
EndProject
Project("{FAE04EC0-301F-11D3-BF4B-00C04F79EFBC}") = "ChangeString", "ChangeString\ChangeString.csproj", "{1C36960B-5780-4BB6-9304-8D9603BB5722}"
EndProject
Project("{FAE04EC0-301F-11D3-BF4B-00C04F79EFBC}") = "ArrayMul", "ArrayMul\ArrayMul.csproj", "{95472B86-09EE-4AFE-A41D-D045EB6DFF8A}"
EndProject
Project("{FAE04EC0-301F-11D3-BF4B-00C04F79EFBC}") = "HeroPerk", "HeroPerk\HeroPerk.csproj", "{112955C5-255F-4E24-A304-DF3D0FEDD922}"
EndProject
Project("{FAE04EC0-301F-11D3-BF4B-00C04F79EFBC}") = "Pow2Until", "Pow2Until\Pow2Until.csproj", "{0711CF5F-F55F-4527-A85E-3BCA8A0EB835}"
EndProject
Project("{FAE04EC0-301F-11D3-BF4B-00C04F79EFBC}") = "FamousQuotes", "FamousQuotes\FamousQuotes.csproj", "{AFC88D89-302F-4A40-9E63-822174299894}"
EndProject
Project("{FAE04EC0-301F-11D3-BF4B-00C04F79EFBC}") = "RoPaSci", "RoPaSci\RoPaSci.csproj", "{7F6E57EC-1CDD-41F9-BE39-CC5E12438BCB}"
EndProject
Global
	GlobalSection(SolutionConfigurationPlatforms) = preSolution
		Debug|Any CPU = Debug|Any CPU
		Release|Any CPU = Release|Any CPU
	EndGlobalSection
	GlobalSection(SolutionProperties) = preSolution
		HideSolutionNode = FALSE
	EndGlobalSection
	GlobalSection(ProjectConfigurationPlatforms) = postSolution
		{B452D3CF-77E4-4022-806A-4EDA3DDE49CD}.Debug|Any CPU.ActiveCfg = Debug|Any CPU
		{B452D3CF-77E4-4022-806A-4EDA3DDE49CD}.Debug|Any CPU.Build.0 = Debug|Any CPU
		{B452D3CF-77E4-4022-806A-4EDA3DDE49CD}.Release|Any CPU.ActiveCfg = Release|Any CPU
		{B452D3CF-77E4-4022-806A-4EDA3DDE49CD}.Release|Any CPU.Build.0 = Release|Any CPU
		{1C36960B-5780-4BB6-9304-8D9603BB5722}.Debug|Any CPU.ActiveCfg = Debug|Any CPU
		{1C36960B-5780-4BB6-9304-8D9603BB5722}.Debug|Any CPU.Build.0 = Debug|Any CPU
		{1C36960B-5780-4BB6-9304-8D9603BB5722}.Release|Any CPU.ActiveCfg = Release|Any CPU
		{1C36960B-5780-4BB6-9304-8D9603BB5722}.Release|Any CPU.Build.0 = Release|Any CPU
		{95472B86-09EE-4AFE-A41D-D045EB6DFF8A}.Debug|Any CPU.ActiveCfg = Debug|Any CPU
		{95472B86-09EE-4AFE-A41D-D045EB6DFF8A}.Debug|Any CPU.Build.0 = Debug|Any CPU
		{95472B86-09EE-4AFE-A41D-D045EB6DFF8A}.Release|Any CPU.ActiveCfg = Release|Any CPU
		{95472B86-09EE-4AFE-A41D-D045EB6DFF8A}.Release|Any CPU.Build.0 = Release|Any CPU
		{112955C5-255F-4E24-A304-DF3D0FEDD922}.Debug|Any CPU.ActiveCfg = Debug|Any CPU
		{112955C5-255F-4E24-A304-DF3D0FEDD922}.Debug|Any CPU.Build.0 = Debug|Any CPU
		{112955C5-255F-4E24-A304-DF3D0FEDD922}.Release|Any CPU.ActiveCfg = Release|Any CPU
		{112955C5-255F-4E24-A304-DF3D0FEDD922}.Release|Any CPU.Build.0 = Release|Any CPU
		{0711CF5F-F55F-4527-A85E-3BCA8A0EB835}.Debug|Any CPU.ActiveCfg = Debug|Any CPU
		{0711CF5F-F55F-4527-A85E-3BCA8A0EB835}.Debug|Any CPU.Build.0 = Debug|Any CPU
		{0711CF5F-F55F-4527-A85E-3BCA8A0EB835}.Release|Any CPU.ActiveCfg = Release|Any CPU
		{0711CF5F-F55F-4527-A85E-3BCA8A0EB835}.Release|Any CPU.Build.0 = Release|Any CPU
		{AFC88D89-302F-4A40-9E63-822174299894}.Debug|Any CPU.ActiveCfg = Debug|Any CPU
		{AFC88D89-302F-4A40-9E63-822174299894}.Debug|Any CPU.Build.0 = Debug|Any CPU
		{AFC88D89-302F-4A40-9E63-822174299894}.Release|Any CPU.ActiveCfg = Release|Any CPU
		{AFC88D89-302F-4A40-9E63-822174299894}.Release|Any CPU.Build.0 = Release|Any CPU
		{7F6E57EC-1CDD-41F9-BE39-CC5E12438BCB}.Debug|Any CPU.ActiveCfg = Debug|Any CPU
		{7F6E57EC-1CDD-41F9-BE39-CC5E12438BCB}.Debug|Any CPU.Build.0 = Debug|Any CPU
		{7F6E57EC-1CDD-41F9-BE39-CC5E12438BCB}.Release|Any CPU.ActiveCfg = Release|Any CPU
		{7F6E57EC-1CDD-41F9-BE39-CC5E12438BCB}.Release|Any CPU.Build.0 = Release|Any CPU
	EndGlobalSection
EndGlobal
